
Microsoft Visual Studio Solution File, Format Version 12.00
# Visual Studio Version 17
VisualStudioVersion = 17.14.37301.10
MinimumVisualStudioVersion = 10.0.40219.1
Project("{FAE04EC0-301F-11D3-BF4B-00C04F79EFBC}") = "CMWallet.API", "CMWallet.API\CMWallet.API.csproj", "{B877164F-DB99-4904-BD9F-94DA721BF4BB}"
EndProject
Project("{FAE04EC0-301F-11D3-BF4B-00C04F79EFBC}") = "CMWallet.Domain", "CMWallet.Domain\CMWallet.Domain.csproj", "{9D9465FC-E65C-47EC-A2E1-1074B16D9C8D}"
EndProject
Project("{FAE04EC0-301F-11D3-BF4B-00C04F79EFBC}") = "CMWallet.Application", "CMWallet.Application\CMWallet.Application.csproj", "{36E58819-0BF5-4EFC-A317-65C8F12BF80A}"
EndProject
Project("{FAE04EC0-301F-11D3-BF4B-00C04F79EFBC}") = "CMWallet.Infrastructure", "CMWallet.Infrastructure\CMWallet.Infrastructure.csproj", "{A4494DF4-2C3D-42FB-9904-1D168A4C26D8}"
EndProject
Project("{FAE04EC0-301F-11D3-BF4B-00C04F79EFBC}") = "CMWallet.Tests", "CMWallet.Tests\CMWallet.Tests.csproj", "{E6C35B84-4B09-48FD-ABB5-C3359AD1CF9C}"
EndProject
Global
	GlobalSection(SolutionConfigurationPlatforms) = preSolution
		Debug|Any CPU = Debug|Any CPU
		Debug|x64 = Debug|x64
		Debug|x86 = Debug|x86
		Release|Any CPU = Release|Any CPU
		Release|x64 = Release|x64
		Release|x86 = Release|x86
	EndGlobalSection
	GlobalSection(ProjectConfigurationPlatforms) = postSolution
		{B877164F-DB99-4904-BD9F-94DA721BF4BB}.Debug|Any CPU.ActiveCfg = Debug|Any CPU
		{B877164F-DB99-4904-BD9F-94DA721BF4BB}.Debug|Any CPU.Build.0 = Debug|Any CPU
		{B877164F-DB99-4904-BD9F-94DA721BF4BB}.Debug|x64.ActiveCfg = Debug|Any CPU
		{B877164F-DB99-4904-BD9F-94DA721BF4BB}.Debug|x64.Build.0 = Debug|Any CPU
		{B877164F-DB99-4904-BD9F-94DA721BF4BB}.Debug|x86.ActiveCfg = Debug|Any CPU
		{B877164F-DB99-4904-BD9F-94DA721BF4BB}.Debug|x86.Build.0 = Debug|Any CPU
		{B877164F-DB99-4904-BD9F-94DA721BF4BB}.Release|Any CPU.ActiveCfg = Release|Any CPU
		{B877164F-DB99-4904-BD9F-94DA721BF4BB}.Release|Any CPU.Build.0 = Release|Any CPU
		{B877164F-DB99-4904-BD9F-94DA721BF4BB}.Release|x64.ActiveCfg = Release|Any CPU
		{B877164F-DB99-4904-BD9F-94DA721BF4BB}.Release|x64.Build.0 = Release|Any CPU
		{B877164F-DB99-4904-BD9F-94DA721BF4BB}.Release|x86.ActiveCfg = Release|Any CPU
		{B877164F-DB99-4904-BD9F-94DA721BF4BB}.Release|x86.Build.0 = Release|Any CPU
		{9D9465FC-E65C-47EC-A2E1-1074B16D9C8D}.Debug|Any CPU.ActiveCfg = Debug|Any CPU
		{9D9465FC-E65C-47EC-A2E1-1074B16D9C8D}.Debug|Any CPU.Build.0 = Debug|Any CPU
		{9D9465FC-E65C-47EC-A2E1-1074B16D9C8D}.Debug|x64.ActiveCfg = Debug|Any CPU
		{9D9465FC-E65C-47EC-A2E1-1074B16D9C8D}.Debug|x64.Build.0 = Debug|Any CPU
		{9D9465FC-E65C-47EC-A2E1-1074B16D9C8D}.Debug|x86.ActiveCfg = Debug|Any CPU
		{9D9465FC-E65C-47EC-A2E1-1074B16D9C8D}.Debug|x86.Build.0 = Debug|Any CPU
		{9D9465FC-E65C-47EC-A2E1-1074B16D9C8D}.Release|Any CPU.ActiveCfg = Release|Any CPU
		{9D9465FC-E65C-47EC-A2E1-1074B16D9C8D}.Release|Any CPU.Build.0 = Release|Any CPU
		{9D9465FC-E65C-47EC-A2E1-1074B16D9C8D}.Release|x64.ActiveCfg = Release|Any CPU
		{9D9465FC-E65C-47EC-A2E1-1074B16D9C8D}.Release|x64.Build.0 = Release|Any CPU
		{9D9465FC-E65C-47EC-A2E1-1074B16D9C8D}.Release|x86.ActiveCfg = Release|Any CPU
		{9D9465FC-E65C-47EC-A2E1-1074B16D9C8D}.Release|x86.Build.0 = Release|Any CPU
		{36E58819-0BF5-4EFC-A317-65C8F12BF80A}.Debug|Any CPU.ActiveCfg = Debug|Any CPU
		{36E58819-0BF5-4EFC-A317-65C8F12BF80A}.Debug|Any CPU.Build.0 = Debug|Any CPU
		{36E58819-0BF5-4EFC-A317-65C8F12BF80A}.Debug|x64.ActiveCfg = Debug|Any CPU
		{36E58819-0BF5-4EFC-A317-65C8F12BF80A}.Debug|x64.Build.0 = Debug|Any CPU
		{36E58819-0BF5-4EFC-A317-65C8F12BF80A}.Debug|x86.ActiveCfg = Debug|Any CPU
		{36E58819-0BF5-4EFC-A317-65C8F12BF80A}.Debug|x86.Build.0 = Debug|Any CPU
		{36E58819-0BF5-4EFC-A317-65C8F12BF80A}.Release|Any CPU.ActiveCfg = Release|Any CPU
		{36E58819-0BF5-4EFC-A317-65C8F12BF80A}.Release|Any CPU.Build.0 = Release|Any CPU
		{36E58819-0BF5-4EFC-A317-65C8F12BF80A}.Release|x64.ActiveCfg = Release|Any CPU
		{36E58819-0BF5-4EFC-A317-65C8F12BF80A}.Release|x64.Build.0 = Release|Any CPU
		{36E58819-0BF5-4EFC-A317-65C8F12BF80A}.Release|x86.ActiveCfg = Release|Any CPU
		{36E58819-0BF5-4EFC-A317-65C8F12BF80A}.Release|x86.Build.0 = Release|Any CPU
		{A4494DF4-2C3D-42FB-9904-1D168A4C26D8}.Debug|Any CPU.ActiveCfg = Debug|Any CPU
		{A4494DF4-2C3D-42FB-9904-1D168A4C26D8}.Debug|Any CPU.Build.0 = Debug|Any CPU
		{A4494DF4-2C3D-42FB-9904-1D168A4C26D8}.Debug|x64.ActiveCfg = Debug|Any CPU
		{A4494DF4-2C3D-42FB-9904-1D168A4C26D8}.Debug|x64.Build.0 = Debug|Any CPU
		{A4494DF4-2C3D-42FB-9904-1D168A4C26D8}.Debug|x86.ActiveCfg = Debug|Any CPU
		{A4494DF4-2C3D-42FB-9904-1D168A4C26D8}.Debug|x86.Build.0 = Debug|Any CPU
		{A4494DF4-2C3D-42FB-9904-1D168A4C26D8}.Release|Any CPU.ActiveCfg = Release|Any CPU
		{A4494DF4-2C3D-42FB-9904-1D168A4C26D8}.Release|Any CPU.Build.0 = Release|Any CPU
		{A4494DF4-2C3D-42FB-9904-1D168A4C26D8}.Release|x64.ActiveCfg = Release|Any CPU
		{A4494DF4-2C3D-42FB-9904-1D168A4C26D8}.Release|x64.Build.0 = Release|Any CPU
		{A4494DF4-2C3D-42FB-9904-1D168A4C26D8}.Release|x86.ActiveCfg = Release|Any CPU
		{A4494DF4-2C3D-42FB-9904-1D168A4C26D8}.Release|x86.Build.0 = Release|Any CPU
		{E6C35B84-4B09-48FD-ABB5-C3359AD1CF9C}.Debug|Any CPU.ActiveCfg = Debug|Any CPU
		{E6C35B84-4B09-48FD-ABB5-C3359AD1CF9C}.Debug|Any CPU.Build.0 = Debug|Any CPU
		{E6C35B84-4B09-48FD-ABB5-C3359AD1CF9C}.Debug|x64.ActiveCfg = Debug|Any CPU
		{E6C35B84-4B09-48FD-ABB5-C3359AD1CF9C}.Debug|x64.Build.0 = Debug|Any CPU
		{E6C35B84-4B09-48FD-ABB5-C3359AD1CF9C}.Debug|x86.ActiveCfg = Debug|Any CPU
		{E6C35B84-4B09-48FD-ABB5-C3359AD1CF9C}.Debug|x86.Build.0 = Debug|Any CPU
		{E6C35B84-4B09-48FD-ABB5-C3359AD1CF9C}.Release|Any CPU.ActiveCfg = Release|Any CPU
		{E6C35B84-4B09-48FD-ABB5-C3359AD1CF9C}.Release|Any CPU.Build.0 = Release|Any CPU
		{E6C35B84-4B09-48FD-ABB5-C3359AD1CF9C}.Release|x64.ActiveCfg = Release|Any CPU
		{E6C35B84-4B09-48FD-ABB5-C3359AD1CF9C}.Release|x64.Build.0 = Release|Any CPU
		{E6C35B84-4B09-48FD-ABB5-C3359AD1CF9C}.Release|x86.ActiveCfg = Release|Any CPU
		{E6C35B84-4B09-48FD-ABB5-C3359AD1CF9C}.Release|x86.Build.0 = Release|Any CPU
	EndGlobalSection
	GlobalSection(SolutionProperties) = preSolution
		HideSolutionNode = FALSE
	EndGlobalSection
	GlobalSection(ExtensibilityGlobals) = postSolution
		SolutionGuid = {3A9A1D51-BBA3-41DE-AA69-89056B51B188}
	EndGlobalSection
EndGlobal
